// !$*UTF8*$!
{
	archiveVersion = 1;
	classes = {
	};
	objectVersion = 46;
	objects = {

/* Begin PBXBuildFile section */
		AAA0BAE61AC1CCA4005A173A /* main.m in Sources */ = {isa = PBXBuildFile; fileRef = AAA0BAE51AC1CCA4005A173A /* main.m */; };
		AAA0BAE91AC1CCA4005A173A /* AppDelegate.m in Sources */ = {isa = PBXBuildFile; fileRef = AAA0BAE81AC1CCA4005A173A /* AppDelegate.m */; };
		AAA0BAEC1AC1CCA4005A173A /* ViewController.m in Sources */ = {isa = PBXBuildFile; fileRef = AAA0BAEB1AC1CCA4005A173A /* ViewController.m */; };
		AAA0BAEF1AC1CCA4005A173A /* Main.storyboard in Resources */ = {isa = PBXBuildFile; fileRef = AAA0BAED1AC1CCA4005A173A /* Main.storyboard */; };
		AAA0BAF11AC1CCA4005A173A /* Images.xcassets in Resources */ = {isa = PBXBuildFile; fileRef = AAA0BAF01AC1CCA4005A173A /* Images.xcassets */; };
		AAA0BAF41AC1CCA4005A173A /* LaunchScreen.xib in Resources */ = {isa = PBXBuildFile; fileRef = AAA0BAF21AC1CCA4005A173A /* LaunchScreen.xib */; };
		AAA0BB001AC1CCA4005A173A /* March_23_ScrollViewTests.m in Sources */ = {isa = PBXBuildFile; fileRef = AAA0BAFF1AC1CCA4005A173A /* March_23_ScrollViewTests.m */; };
/* End PBXBuildFile section */

/* Begin PBXContainerItemProxy section */
		AAA0BAFA1AC1CCA4005A173A /* PBXContainerItemProxy */ = {
			isa = PBXContainerItemProxy;
			containerPortal = AAA0BAD81AC1CCA4005A173A /* Project object */;
			proxyType = 1;
			remoteGlobalIDString = AAA0BADF1AC1CCA4005A173A;
			remoteInfo = March_23_ScrollView;
		};
/* End PBXContainerItemProxy section */

/* Begin PBXFileReference section */
		AAA0BAE01AC1CCA4005A173A /* March_23_ScrollView.app */ = {isa = PBXFileReference; explicitFileType = wrapper.application; includeInIndex = 0; path = March_23_ScrollView.app; sourceTree = BUILT_PRODUCTS_DIR; };
		AAA0BAE41AC1CCA4005A173A /* Info.plist */ = {isa = PBXFileReference; lastKnownFileType = text.plist.xml; path = Info.plist; sourceTree = "<group>"; };
		AAA0BAE51AC1CCA4005A173A /* main.m */ = {isa = PBXFileReference; lastKnownFileType = sourcecode.c.objc; path = main.m; sourceTree = "<group>"; };
		AAA0BAE71AC1CCA4005A173A /* AppDelegate.h */ = {isa = PBXFileReference; lastKnownFileType = sourcecode.c.h; path = AppDelegate.h; sourceTree = "<group>"; };
		AAA0BAE81AC1CCA4005A173A /* AppDelegate.m */ = {isa = PBXFileReference; lastKnownFileType = sourcecode.c.objc; path = AppDelegate.m; sourceTree = "<group>"; };
		AAA0BAEA1AC1CCA4005A173A /* ViewController.h */ = {isa = PBXFileReference; lastKnownFileType = sourcecode.c.h; path = ViewController.h; sourceTree = "<group>"; };
		AAA0BAEB1AC1CCA4005A173A /* ViewController.m */ = {isa = PBXFileReference; lastKnownFileType = sourcecode.c.objc; path = ViewController.m; sourceTree = "<group>"; };
		AAA0BAEE1AC1CCA4005A173A /* Base */ = {isa = PBXFileReference; lastKnownFileType = file.storyboard; name = Base; path = Base.lproj/Main.storyboard; sourceTree = "<group>"; };
		AAA0BAF01AC1CCA4005A173A /* Images.xcassets */ = {isa = PBXFileReference; lastKnownFileType = folder.assetcatalog; path = Images.xcassets; sourceTree = "<group>"; };
		AAA0BAF31AC1CCA4005A173A /* Base */ = {isa = PBXFileReference; lastKnownFileType = file.xib; name = Base; path = Base.lproj/LaunchScreen.xib; sourceTree = "<group>"; };
		AAA0BAF91AC1CCA4005A173A /* March_23_ScrollViewTests.xctest */ = {isa = PBXFileReference; explicitFileType = wrapper.cfbundle; includeInIndex = 0; path = March_23_ScrollViewTests.xctest; sourceTree = BUILT_PRODUCTS_DIR; };
		AAA0BAFE1AC1CCA4005A173A /* Info.plist */ = {isa = PBXFileReference; lastKnownFileType = text.plist.xml; path = Info.plist; sourceTree = "<group>"; };
		AAA0BAFF1AC1CCA4005A173A /* March_23_ScrollViewTests.m */ = {isa = PBXFileReference; lastKnownFileType = sourcecode.c.objc; path = March_23_ScrollViewTests.m; sourceTree = "<group>"; };
/* End PBXFileReference section */

/* Begin PBXFrameworksBuildPhase section */
		AAA0BADD1AC1CCA4005A173A /* Frameworks */ = {
			isa = PBXFrameworksBuildPhase;
			buildActionMask = 2147483647;
			files = (
			);
			runOnlyForDeploymentPostprocessing = 0;
		};
		AAA0BAF61AC1CCA4005A173A /* Frameworks */ = {
			isa = PBXFrameworksBuildPhase;
			buildActionMask = 2147483647;
			files = (
			);
			runOnlyForDeploymentPostprocessing = 0;
		};
/* End PBXFrameworksBuildPhase section */

/* Begin PBXGroup section */
		AAA0BAD71AC1CCA4005A173A = {
			isa = PBXGroup;
			children = (
				AAA0BAE21AC1CCA4005A173A /* March_23_ScrollView */,
				AAA0BAFC1AC1CCA4005A173A /* March_23_ScrollViewTests */,
				AAA0BAE11AC1CCA4005A173A /* Products */,
			);
			sourceTree = "<group>";
		};
		AAA0BAE11AC1CCA4005A173A /* Products */ = {
			isa = PBXGroup;
			children = (
				AAA0BAE01AC1CCA4005A173A /* March_23_ScrollView.app */,
				AAA0BAF91AC1CCA4005A173A /* March_23_ScrollViewTests.xctest */,
			);
			name = Products;
			sourceTree = "<group>";
		};
		AAA0BAE21AC1CCA4005A173A /* March_23_ScrollView */ = {
			isa = PBXGroup;
			children = (
				AAA0BAE71AC1CCA4005A173A /* AppDelegate.h */,
				AAA0BAE81AC1CCA4005A173A /* AppDelegate.m */,
				AAA0BAEA1AC1CCA4005A173A /* ViewController.h */,
				AAA0BAEB1AC1CCA4005A173A /* ViewController.m */,
				AAA0BAED1AC1CCA4005A173A /* Main.storyboard */,
				AAA0BAF01AC1CCA4005A173A /* Images.xcassets */,
				AAA0BAF21AC1CCA4005A173A /* LaunchScreen.xib */,
				AAA0BAE31AC1CCA4005A173A /* Supporting Files */,
			);
			path = March_23_ScrollView;
			sourceTree = "<group>";
		};
		AAA0BAE31AC1CCA4005A173A /* Supporting Files */ = {
			isa = PBXGroup;
			children = (
				AAA0BAE41AC1CCA4005A173A /* Info.plist */,
				AAA0BAE51AC1CCA4005A173A /* main.m */,
			);
			name = "Supporting Files";
			sourceTree = "<group>";
		};
		AAA0BAFC1AC1CCA4005A173A /* March_23_ScrollViewTests */ = {
			isa = PBXGroup;
			children = (
				AAA0BAFF1AC1CCA4005A173A /* March_23_ScrollViewTests.m */,
				AAA0BAFD1AC1CCA4005A173A /* Supporting Files */,
			);
			path = March_23_ScrollViewTests;
			sourceTree = "<group>";
		};
		AAA0BAFD1AC1CCA4005A173A /* Supporting Files */ = {
			isa = PBXGroup;
			children = (
				AAA0BAFE1AC1CCA4005A173A /* Info.plist */,
			);
			name = "Supporting Files";
			sourceTree = "<group>";
		};
/* End PBXGroup section */

/* Begin PBXNativeTarget section */
		AAA0BADF1AC1CCA4005A173A /* March_23_ScrollView */ = {
			isa = PBXNativeTarget;
			buildConfigurationList = AAA0BB031AC1CCA4005A173A /* Build configuration list for PBXNativeTarget "March_23_ScrollView" */;
			buildPhases = (
				AAA0BADC1AC1CCA4005A173A /* Sources */,
				AAA0BADD1AC1CCA4005A173A /* Frameworks */,
				AAA0BADE1AC1CCA4005A173A /* Resources */,
			);
			buildRules = (
			);
			dependencies = (
			);
			name = March_23_ScrollView;
			productName = March_23_ScrollView;
			productReference = AAA0BAE01AC1CCA4005A173A /* March_23_ScrollView.app */;
			productType = "com.apple.product-type.application";
		};
		AAA0BAF81AC1CCA4005A173A /* March_23_ScrollViewTests */ = {
			isa = PBXNativeTarget;
			buildConfigurationList = AAA0BB061AC1CCA4005A173A /* Build configuration list for PBXNativeTarget "March_23_ScrollViewTests" */;
			buildPhases = (
				AAA0BAF51AC1CCA4005A173A /* Sources */,
				AAA0BAF61AC1CCA4005A173A /* Frameworks */,
				AAA0BAF71AC1CCA4005A173A /* Resources */,
			);
			buildRules = (
			);
			dependencies = (
				AAA0BAFB1AC1CCA4005A173A /* PBXTargetDependency */,
			);
			name = March_23_ScrollViewTests;
			productName = March_23_ScrollViewTests;
			productReference = AAA0BAF91AC1CCA4005A173A /* March_23_ScrollViewTests.xctest */;
			productType = "com.apple.product-type.bundle.unit-test";
		};
/* End PBXNativeTarget section */

/* Begin PBXProject section */
		AAA0BAD81AC1CCA4005A173A /* Project object */ = {
			isa = PBXProject;
			attributes = {
				LastUpgradeCheck = 0620;
				ORGANIZATIONNAME = "Aditya Narayan";
				TargetAttributes = {
					AAA0BADF1AC1CCA4005A173A = {
						CreatedOnToolsVersion = 6.2;
					};
					AAA0BAF81AC1CCA4005A173A = {
						CreatedOnToolsVersion = 6.2;
						TestTargetID = AAA0BADF1AC1CCA4005A173A;
					};
				};
			};
			buildConfigurationList = AAA0BADB1AC1CCA4005A173A /* Build configuration list for PBXProject "March_23_ScrollView" */;
			compatibilityVersion = "Xcode 3.2";
			developmentRegion = English;
			hasScannedForEncodings = 0;
			knownRegions = (
				en,
				Base,
			);
			mainGroup = AAA0BAD71AC1CCA4005A173A;
			productRefGroup = AAA0BAE11AC1CCA4005A173A /* Products */;
			projectDirPath = "";
			projectRoot = "";
			targets = (
				AAA0BADF1AC1CCA4005A173A /* March_23_ScrollView */,
				AAA0BAF81AC1CCA4005A173A /* March_23_ScrollViewTests */,
			);
		};
/* End PBXProject section */

/* Begin PBXResourcesBuildPhase section */
		AAA0BADE1AC1CCA4005A173A /* Resources */ = {
			isa = PBXResourcesBuildPhase;
			buildActionMask = 2147483647;
			files = (
				AAA0BAEF1AC1CCA4005A173A /* Main.storyboard in Resources */,
				AAA0BAF41AC1CCA4005A173A /* LaunchScreen.xib in Resources */,
				AAA0BAF11AC1CCA4005A173A /* Images.xcassets in Resources */,
			);
			runOnlyForDeploymentPostprocessing = 0;
		};
		AAA0BAF71AC1CCA4005A173A /* Resources */ = {
			isa = PBXResourcesBuildPhase;
			buildActionMask = 2147483647;
			files = (
			);
			runOnlyForDeploymentPostprocessing = 0;
		};
/* End PBXResourcesBuildPhase section */

/* Begin PBXSourcesBuildPhase section */
		AAA0BADC1AC1CCA4005A173A /* Sources */ = {
			isa = PBXSourcesBuildPhase;
			buildActionMask = 2147483647;
			files = (
				AAA0BAEC1AC1CCA4005A173A /* ViewController.m in Sources */,
				AAA0BAE91AC1CCA4005A173A /* AppDelegate.m in Sources */,
				AAA0BAE61AC1CCA4005A173A /* main.m in Sources */,
			);
			runOnlyForDeploymentPostprocessing = 0;
		};
		AAA0BAF51AC1CCA4005A173A /* Sources */ = {
			isa = PBXSourcesBuildPhase;
			buildActionMask = 2147483647;
			files = (
				AAA0BB001AC1CCA4005A173A /* March_23_ScrollViewTests.m in Sources */,
			);
			runOnlyForDeploymentPostprocessing = 0;
		};
/* End PBXSourcesBuildPhase section */

/* Begin PBXTargetDependency section */
		AAA0BAFB1AC1CCA4005A173A /* PBXTargetDependency */ = {
			isa = PBXTargetDependency;
			target = AAA0BADF1AC1CCA4005A173A /* March_23_ScrollView */;
			targetProxy = AAA0BAFA1AC1CCA4005A173A /* PBXContainerItemProxy */;
		};
/* End PBXTargetDependency section */

/* Begin PBXVariantGroup section */
		AAA0BAED1AC1CCA4005A173A /* Main.storyboard */ = {
			isa = PBXVariantGroup;
			children = (
				AAA0BAEE1AC1CCA4005A173A /* Base */,
			);
			name = Main.storyboard;
			sourceTree = "<group>";
		};
		AAA0BAF21AC1CCA4005A173A /* LaunchScreen.xib */ = {
			isa = PBXVariantGroup;
			children = (
				AAA0BAF31AC1CCA4005A173A /* Base */,
			);
			name = LaunchScreen.xib;
			sourceTree = "<group>";
		};
/* End PBXVariantGroup section */

/* Begin XCBuildConfiguration section */
		AAA0BB011AC1CCA4005A173A /* Debug */ = {
			isa = XCBuildConfiguration;
			buildSettings = {
				ALWAYS_SEARCH_USER_PATHS = NO;
				CLANG_CXX_LANGUAGE_STANDARD = "gnu++0x";
				CLANG_CXX_LIBRARY = "libc++";
				CLANG_ENABLE_MODULES = YES;
				CLANG_ENABLE_OBJC_ARC = YES;
				CLANG_WARN_BOOL_CONVERSION = YES;
				CLANG_WARN_CONSTANT_CONVERSION = YES;
				CLANG_WARN_DIRECT_OBJC_ISA_USAGE = YES_ERROR;
				CLANG_WARN_EMPTY_BODY = YES;
				CLANG_WARN_ENUM_CONVERSION = YES;
				CLANG_WARN_INT_CONVERSION = YES;
				CLANG_WARN_OBJC_ROOT_CLASS = YES_ERROR;
				CLANG_WARN_UNREACHABLE_CODE = YES;
				CLANG_WARN__DUPLICATE_METHOD_MATCH = YES;
				"CODE_SIGN_IDENTITY[sdk=iphoneos*]" = "iPhone Developer";
				COPY_PHASE_STRIP = NO;
				ENABLE_STRICT_OBJC_MSGSEND = YES;
				GCC_C_LANGUAGE_STANDARD = gnu99;
				GCC_DYNAMIC_NO_PIC = NO;
				GCC_OPTIMIZATION_LEVEL = 0;
				GCC_PREPROCESSOR_DEFINITIONS = (
					"DEBUG=1",
					"$(inherited)",
				);
				GCC_SYMBOLS_PRIVATE_EXTERN = NO;
				GCC_WARN_64_TO_32_BIT_CONVERSION = YES;
				GCC_WARN_ABOUT_RETURN_TYPE = YES_ERROR;
				GCC_WARN_UNDECLARED_SELECTOR = YES;
				GCC_WARN_UNINITIALIZED_AUTOS = YES_AGGRESSIVE;
				GCC_WARN_UNUSED_FUNCTION = YES;
				GCC_WARN_UNUSED_VARIABLE = YES;
				IPHONEOS_DEPLOYMENT_TARGET = 8.2;
				MTL_ENABLE_DEBUG_INFO = YES;
				ONLY_ACTIVE_ARCH = YES;
				SDKROOT = iphoneos;
				TARGETED_DEVICE_FAMILY = "1,2";
			};
			name = Debug;
		};
		AAA0BB021AC1CCA4005A173A /* Release */ = {
			isa = XCBuildConfiguration;
			buildSettings = {
				ALWAYS_SEARCH_USER_PATHS = NO;
				CLANG_CXX_LANGUAGE_STANDARD = "gnu++0x";
				CLANG_CXX_LIBRARY = "libc++";
				CLANG_ENABLE_MODULES = YES;
				CLANG_ENABLE_OBJC_ARC = YES;
				CLANG_WARN_BOOL_CONVERSION = YES;
				CLANG_WARN_CONSTANT_CONVERSION = YES;
				CLANG_WARN_DIRECT_OBJC_ISA_USAGE = YES_ERROR;
				CLANG_WARN_EMPTY_BODY = YES;
				CLANG_WARN_ENUM_CONVERSION = YES;
				CLANG_WARN_INT_CONVERSION = YES;
				CLANG_WARN_OBJC_ROOT_CLASS = YES_ERROR;
				CLANG_WARN_UNREACHABLE_CODE = YES;
				CLANG_WARN__DUPLICATE_METHOD_MATCH = YES;
				"CODE_SIGN_IDENTITY[sdk=iphoneos*]" = "iPhone Developer";
				COPY_PHASE_STRIP = NO;
				ENABLE_NS_ASSERTIONS = NO;
				ENABLE_STRICT_OBJC_MSGSEND = YES;
				GCC_C_LANGUAGE_STANDARD = gnu99;
				GCC_WARN_64_TO_32_BIT_CONVERSION = YES;
				GCC_WARN_ABOUT_RETURN_TYPE = YES_ERROR;
				GCC_WARN_UNDECLARED_SELECTOR = YES;
				GCC_WARN_UNINITIALIZED_AUTOS = YES_AGGRESSIVE;
				GCC_WARN_UNUSED_FUNCTION = YES;
				GCC_WARN_UNUSED_VARIABLE = YES;
				IPHONEOS_DEPLOYMENT_TARGET = 8.2;
				MTL_ENABLE_DEBUG_INFO = NO;
				SDKROOT = iphoneos;
				TARGETED_DEVICE_FAMILY = "1,2";
				VALIDATE_PRODUCT = YES;
			};
			name = Release;
		};
		AAA0BB041AC1CCA4005A173A /* Debug */ = {
			isa = XCBuildConfiguration;
			buildSettings = {
				ASSETCATALOG_COMPILER_APPICON_NAME = AppIcon;
				INFOPLIST_FILE = March_23_ScrollView/Info.plist;
				LD_RUNPATH_SEARCH_PATHS = "$(inherited) @executable_path/Frameworks";
				PRODUCT_NAME = "$(TARGET_NAME)";
			};
			name = Debug;
		};
		AAA0BB051AC1CCA4005A173A /* Release */ = {
			isa = XCBuildConfiguration;
			buildSettings = {
				ASSETCATALOG_COMPILER_APPICON_NAME = AppIcon;
				INFOPLIST_FILE = March_23_ScrollView/Info.plist;
				LD_RUNPATH_SEARCH_PATHS = "$(inherited) @executable_path/Frameworks";
				PRODUCT_NAME = "$(TARGET_NAME)";
			};
			name = Release;
		};
		AAA0BB071AC1CCA4005A173A /* Debug */ = {
			isa = XCBuildConfiguration;
			buildSettings = {
				BUNDLE_LOADER = "$(TEST_HOST)";
				FRAMEWORK_SEARCH_PATHS = (
					"$(SDKROOT)/Developer/Library/Frameworks",
					"$(inherited)",
				);
				GCC_PREPROCESSOR_DEFINITIONS = (
					"DEBUG=1",
					"$(inherited)",
				);
				INFOPLIST_FILE = March_23_ScrollViewTests/Info.plist;
				LD_RUNPATH_SEARCH_PATHS = "$(inherited) @executable_path/Frameworks @loader_path/Frameworks";
				PRODUCT_NAME = "$(TARGET_NAME)";
				TEST_HOST = "$(BUILT_PRODUCTS_DIR)/March_23_ScrollView.app/March_23_ScrollView";
			};
			name = Debug;
		};
		AAA0BB081AC1CCA4005A173A /* Release */ = {
			isa = XCBuildConfiguration;
			buildSettings = {
				BUNDLE_LOADER = "$(TEST_HOST)";
				FRAMEWORK_SEARCH_PATHS = (
					"$(SDKROOT)/Developer/Library/Frameworks",
					"$(inherited)",
				);
				INFOPLIST_FILE = March_23_ScrollViewTests/Info.plist;
				LD_RUNPATH_SEARCH_PATHS = "$(inherited) @executable_path/Frameworks @loader_path/Frameworks";
				PRODUCT_NAME = "$(TARGET_NAME)";
				TEST_HOST = "$(BUILT_PRODUCTS_DIR)/March_23_ScrollView.app/March_23_ScrollView";
			};
			name = Release;
		};
/* End XCBuildConfiguration section */

/* Begin XCConfigurationList section */
		AAA0BADB1AC1CCA4005A173A /* Build configuration list for PBXProject "March_23_ScrollView" */ = {
			isa = XCConfigurationList;
			buildConfigurations = (
				AAA0BB011AC1CCA4005A173A /* Debug */,
				AAA0BB021AC1CCA4005A173A /* Release */,
			);
			defaultConfigurationIsVisible = 0;
			defaultConfigurationName = Release;
		};
		AAA0BB031AC1CCA4005A173A /* Build configuration list for PBXNativeTarget "March_23_ScrollView" */ = {
			isa = XCConfigurationList;
			buildConfigurations = (
				AAA0BB041AC1CCA4005A173A /* Debug */,
				AAA0BB051AC1CCA4005A173A /* Release */,
			);
			defaultConfigurationIsVisible = 0;
		};
		AAA0BB061AC1CCA4005A173A /* Build configuration list for PBXNativeTarget "March_23_ScrollViewTests" */ = {
			isa = XCConfigurationList;
			buildConfigurations = (
				AAA0BB071AC1CCA4005A173A /* Debug */,
				AAA0BB081AC1CCA4005A173A /* Release */,
			);
			defaultConfigurationIsVisible = 0;
		};
/* End XCConfigurationList section */
	};
	rootObject = AAA0BAD81AC1CCA4005A173A /* Project object */;
}
